
Microsoft Visual Studio Solution File, Format Version 12.00
# Visual Studio Version 17
VisualStudioVersion = 17.5.33516.290
MinimumVisualStudioVersion = 10.0.40219.1
Project("{FAE04EC0-301F-11D3-BF4B-00C04F79EFBC}") = "Xaero_EF", "Xaero_EF\Xaero_EF.csproj", "{A924D9FE-C632-47EE-B82E-2606B6B09DD1}"
EndProject
Global
	GlobalSection(SolutionConfigurationPlatforms) = preSolution
		Debug|Any CPU = Debug|Any CPU
		Release|Any CPU = Release|Any CPU
	EndGlobalSection
	GlobalSection(ProjectConfigurationPlatforms) = postSolution
		{A924D9FE-C632-47EE-B82E-2606B6B09DD1}.Debug|Any CPU.ActiveCfg = Debug|Any CPU
		{A924D9FE-C632-47EE-B82E-2606B6B09DD1}.Debug|Any CPU.Build.0 = Debug|Any CPU
		{A924D9FE-C632-47EE-B82E-2606B6B09DD1}.Release|Any CPU.ActiveCfg = Release|Any CPU
		{A924D9FE-C632-47EE-B82E-2606B6B09DD1}.Release|Any CPU.Build.0 = Release|Any CPU
	EndGlobalSection
	GlobalSection(SolutionProperties) = preSolution
		HideSolutionNode = FALSE
	EndGlobalSection
	GlobalSection(ExtensibilityGlobals) = postSolution
		SolutionGuid = {3D300D38-56AC-43FC-B1E1-CF6BCBB0D1E1}
	EndGlobalSection
EndGlobal
